github.com/goal-web/contracts v0.1.29 h1:SxxbEzr/moS6jKl/AQqkUlk88VMDWusuUFJSiDFavQ8=
github.com/goal-web/contracts v0.1.29/go.mod h1:lKHynU2Kgk6xyxL4afOJM4TO1kSa3RrCJ2bm5RtFMBw=
github.com/goal-web/supports v0.1.12 h1:upnHi9tn+kartpXPlBdAV8xXR8T+tn0Grt+oCJGD0Mc=
github.com/goal-web/supports v0.1.12/go.mod h1:QAvaUh/dtKUA027AvZaPPk5y/E1wlfJieEJoDDcQdOE=
